// !$*UTF8*$!
{
	archiveVersion = 1;
	classes = {
	};
	objectVersion = 50;
	objects = {

/* Begin PBXBuildFile section */
		F3E1CDDB21CCD4F400F04AD0 /* AppDelegate.m in Sources */ = {isa = PBXBuildFile; fileRef = F3E1CDDA21CCD4F400F04AD0 /* AppDelegate.m */; };
		F3E1CDDE21CCD4F400F04AD0 /* ViewController.m in Sources */ = {isa = PBXBuildFile; fileRef = F3E1CDDD21CCD4F400F04AD0 /* ViewController.m */; };
		F3E1CDE121CCD4F400F04AD0 /* Main.storyboard in Resources */ = {isa = PBXBuildFile; fileRef = F3E1CDDF21CCD4F400F04AD0 /* Main.storyboard */; };
		F3E1CDE321CCD4F500F04AD0 /* Assets.xcassets in Resources */ = {isa = PBXBuildFile; fileRef = F3E1CDE221CCD4F500F04AD0 /* Assets.xcassets */; };
		F3E1CDE621CCD4F500F04AD0 /* LaunchScreen.storyboard in Resources */ = {isa = PBXBuildFile; fileRef = F3E1CDE421CCD4F500F04AD0 /* LaunchScreen.storyboard */; };
		F3E1CDE921CCD4F500F04AD0 /* main.m in Sources */ = {isa = PBXBuildFile; fileRef = F3E1CDE821CCD4F500F04AD0 /* main.m */; };
/* End PBXBuildFile section */

/* Begin PBXFileReference section */
		F3E1CDD621CCD4F400F04AD0 /* LSPTotaldemos.app */ = {isa = PBXFileReference; explicitFileType = wrapper.application; includeInIndex = 0; path = LSPTotaldemos.app; sourceTree = BUILT_PRODUCTS_DIR; };
		F3E1CDD921CCD4F400F04AD0 /* AppDelegate.h */ = {isa = PBXFileReference; lastKnownFileType = sourcecode.c.h; path = AppDelegate.h; sourceTree = "<group>"; };
		F3E1CDDA21CCD4F400F04AD0 /* AppDelegate.m */ = {isa = PBXFileReference; lastKnownFileType = sourcecode.c.objc; path = AppDelegate.m; sourceTree = "<group>"; };
		F3E1CDDC21CCD4F400F04AD0 /* ViewController.h */ = {isa = PBXFileReference; lastKnownFileType = sourcecode.c.h; path = ViewController.h; sourceTree = "<group>"; };
		F3E1CDDD21CCD4F400F04AD0 /* ViewController.m */ = {isa = PBXFileReference; lastKnownFileType = sourcecode.c.objc; path = ViewController.m; sourceTree = "<group>"; };
		F3E1CDE021CCD4F400F04AD0 /* Base */ = {isa = PBXFileReference; lastKnownFileType = file.storyboard; name = Base; path = Base.lproj/Main.storyboard; sourceTree = "<group>"; };
		F3E1CDE221CCD4F500F04AD0 /* Assets.xcassets */ = {isa = PBXFileReference; lastKnownFileType = folder.assetcatalog; path = Assets.xcassets; sourceTree = "<group>"; };
		F3E1CDE521CCD4F500F04AD0 /* Base */ = {isa = PBXFileReference; lastKnownFileType = file.storyboard; name = Base; path = Base.lproj/LaunchScreen.storyboard; sourceTree = "<group>"; };
		F3E1CDE721CCD4F500F04AD0 /* Info.plist */ = {isa = PBXFileReference; lastKnownFileType = text.plist.xml; path = Info.plist; sourceTree = "<group>"; };
		F3E1CDE821CCD4F500F04AD0 /* main.m */ = {isa = PBXFileReference; lastKnownFileType = sourcecode.c.objc; path = main.m; sourceTree = "<group>"; };
/* End PBXFileReference section */

/* Begin PBXFrameworksBuildPhase section */
		F3E1CDD321CCD4F400F04AD0 /* Frameworks */ = {
			isa = PBXFrameworksBuildPhase;
			buildActionMask = 2147483647;
			files = (
			);
			runOnlyForDeploymentPostprocessing = 0;
		};
/* End PBXFrameworksBuildPhase section */

/* Begin PBXGroup section */
		F3E1CDCD21CCD4F400F04AD0 = {
			isa = PBXGroup;
			children = (
				F3E1CDD821CCD4F400F04AD0 /* LSPTotaldemos */,
				F3E1CDD721CCD4F400F04AD0 /* Products */,
			);
			sourceTree = "<group>";
		};
		F3E1CDD721CCD4F400F04AD0 /* Products */ = {
			isa = PBXGroup;
			children = (
				F3E1CDD621CCD4F400F04AD0 /* LSPTotaldemos.app */,
			);
			name = Products;
			sourceTree = "<group>";
		};
		F3E1CDD821CCD4F400F04AD0 /* LSPTotaldemos */ = {
			isa = PBXGroup;
			children = (
				F3E1CDD921CCD4F400F04AD0 /* AppDelegate.h */,
				F3E1CDDA21CCD4F400F04AD0 /* AppDelegate.m */,
				F3E1CDDC21CCD4F400F04AD0 /* ViewController.h */,
				F3E1CDDD21CCD4F400F04AD0 /* ViewController.m */,
				F3E1CDDF21CCD4F400F04AD0 /* Main.storyboard */,
				F3E1CDE221CCD4F500F04AD0 /* Assets.xcassets */,
				F3E1CDE421CCD4F500F04AD0 /* LaunchScreen.storyboard */,
				F3E1CDE721CCD4F500F04AD0 /* Info.plist */,
				F3E1CDE821CCD4F500F04AD0 /* main.m */,
			);
			path = LSPTotaldemos;
			sourceTree = "<group>";
		};
/* End PBXGroup section */

/* Begin PBXNativeTarget section */
		F3E1CDD521CCD4F400F04AD0 /* LSPTotaldemos */ = {
			isa = PBXNativeTarget;
			buildConfigurationList = F3E1CDEC21CCD4F500F04AD0 /* Build configuration list for PBXNativeTarget "LSPTotaldemos" */;
			buildPhases = (
				F3E1CDD221CCD4F400F04AD0 /* Sources */,
				F3E1CDD321CCD4F400F04AD0 /* Frameworks */,
				F3E1CDD421CCD4F400F04AD0 /* Resources */,
			);
			buildRules = (
			);
			dependencies = (
			);
			name = LSPTotaldemos;
			productName = LSPTotaldemos;
			productReference = F3E1CDD621CCD4F400F04AD0 /* LSPTotaldemos.app */;
			productType = "com.apple.product-type.application";
		};
/* End PBXNativeTarget section */

/* Begin PBXProject section */
		F3E1CDCE21CCD4F400F04AD0 /* Project object */ = {
			isa = PBXProject;
			attributes = {
				LastUpgradeCheck = 1010;
				ORGANIZATIONNAME = lishaopeng;
				TargetAttributes = {
					F3E1CDD521CCD4F400F04AD0 = {
						CreatedOnToolsVersion = 10.1;
					};
				};
			};
			buildConfigurationList = F3E1CDD121CCD4F400F04AD0 /* Build configuration list for PBXProject "LSPTotaldemos" */;
			compatibilityVersion = "Xcode 9.3";
			developmentRegion = en;
			hasScannedForEncodings = 0;
			knownRegions = (
				en,
				Base,
			);
			mainGroup = F3E1CDCD21CCD4F400F04AD0;
			productRefGroup = F3E1CDD721CCD4F400F04AD0 /* Products */;
			projectDirPath = "";
			projectRoot = "";
			targets = (
				F3E1CDD521CCD4F400F04AD0 /* LSPTotaldemos */,
			);
		};
/* End PBXProject section */

/* Begin PBXResourcesBuildPhase section */
		F3E1CDD421CCD4F400F04AD0 /* Resources */ = {
			isa = PBXResourcesBuildPhase;
			buildActionMask = 2147483647;
			files = (
				F3E1CDE621CCD4F500F04AD0 /* LaunchScreen.storyboard in Resources */,
				F3E1CDE321CCD4F500F04AD0 /* Assets.xcassets in Resources */,
				F3E1CDE121CCD4F400F04AD0 /* Main.storyboard in Resources */,
			);
			runOnlyForDeploymentPostprocessing = 0;
		};
/* End PBXResourcesBuildPhase section */

/* Begin PBXSourcesBuildPhase section */
		F3E1CDD221CCD4F400F04AD0 /* Sources */ = {
			isa = PBXSourcesBuildPhase;
			buildActionMask = 2147483647;
			files = (
				F3E1CDDE21CCD4F400F04AD0 /* ViewController.m in Sources */,
				F3E1CDE921CCD4F500F04AD0 /* main.m in Sources */,
				F3E1CDDB21CCD4F400F04AD0 /* AppDelegate.m in Sources */,
			);
			runOnlyForDeploymentPostprocessing = 0;
		};
/* End PBXSourcesBuildPhase section */

/* Begin PBXVariantGroup section */
		F3E1CDDF21CCD4F400F04AD0 /* Main.storyboard */ = {
			isa = PBXVariantGroup;
			children = (
				F3E1CDE021CCD4F400F04AD0 /* Base */,
			);
			name = Main.storyboard;
			sourceTree = "<group>";
		};
		F3E1CDE421CCD4F500F04AD0 /* LaunchScreen.storyboard */ = {
			isa = PBXVariantGroup;
			children = (
				F3E1CDE521CCD4F500F04AD0 /* Base */,
			);
			name = LaunchScreen.storyboard;
			sourceTree = "<group>";
		};
/* End PBXVariantGroup section */

/* Begin XCBuildConfiguration section */
		F3E1CDEA21CCD4F500F04AD0 /* Debug */ = {
			isa = XCBuildConfiguration;
			buildSettings = {
				ALWAYS_SEARCH_USER_PATHS = NO;
				CLANG_ANALYZER_NONNULL = YES;
				CLANG_ANALYZER_NUMBER_OBJECT_CONVERSION = YES_AGGRESSIVE;
				CLANG_CXX_LANGUAGE_STANDARD = "gnu++14";
				CLANG_CXX_LIBRARY = "libc++";
				CLANG_ENABLE_MODULES = YES;
				CLANG_ENABLE_OBJC_ARC = YES;
				CLANG_ENABLE_OBJC_WEAK = YES;
				CLANG_WARN_BLOCK_CAPTURE_AUTORELEASING = YES;
				CLANG_WARN_BOOL_CONVERSION = YES;
				CLANG_WARN_COMMA = YES;
				CLANG_WARN_CONSTANT_CONVERSION = YES;
				CLANG_WARN_DEPRECATED_OBJC_IMPLEMENTATIONS = YES;
				CLANG_WARN_DIRECT_OBJC_ISA_USAGE = YES_ERROR;
				CLANG_WARN_DOCUMENTATION_COMMENTS = YES;
				CLANG_WARN_EMPTY_BODY = YES;
				CLANG_WARN_ENUM_CONVERSION = YES;
				CLANG_WARN_INFINITE_RECURSION = YES;
				CLANG_WARN_INT_CONVERSION = YES;
				CLANG_WARN_NON_LITERAL_NULL_CONVERSION = YES;
				CLANG_WARN_OBJC_IMPLICIT_RETAIN_SELF = YES;
				CLANG_WARN_OBJC_LITERAL_CONVERSION = YES;
				CLANG_WARN_OBJC_ROOT_CLASS = YES_ERROR;
				CLANG_WARN_RANGE_LOOP_ANALYSIS = YES;
				CLANG_WARN_STRICT_PROTOTYPES = YES;
				CLANG_WARN_SUSPICIOUS_MOVE = YES;
				CLANG_WARN_UNGUARDED_AVAILABILITY = YES_AGGRESSIVE;
				CLANG_WARN_UNREACHABLE_CODE = YES;
				CLANG_WARN__DUPLICATE_METHOD_MATCH = YES;
				CODE_SIGN_IDENTITY = "iPhone Developer";
				COPY_PHASE_STRIP = NO;
				DEBUG_INFORMATION_FORMAT = dwarf;
				ENABLE_STRICT_OBJC_MSGSEND = YES;
				ENABLE_TESTABILITY = YES;
				GCC_C_LANGUAGE_STANDARD = gnu11;
				GCC_DYNAMIC_NO_PIC = NO;
				GCC_NO_COMMON_BLOCKS = YES;
				GCC_OPTIMIZATION_LEVEL = 0;
				GCC_PREPROCESSOR_DEFINITIONS = (
					"DEBUG=1",
					"$(inherited)",
				);
				GCC_WARN_64_TO_32_BIT_CONVERSION = YES;
				GCC_WARN_ABOUT_RETURN_TYPE = YES_ERROR;
				GCC_WARN_UNDECLARED_SELECTOR = YES;
				GCC_WARN_UNINITIALIZED_AUTOS = YES_AGGRESSIVE;
				GCC_WARN_UNUSED_FUNCTION = YES;
				GCC_WARN_UNUSED_VARIABLE = YES;
				IPHONEOS_DEPLOYMENT_TARGET = 12.1;
				MTL_ENABLE_DEBUG_INFO = INCLUDE_SOURCE;
				MTL_FAST_MATH = YES;
				ONLY_ACTIVE_ARCH = YES;
				SDKROOT = iphoneos;
			};
			name = Debug;
		};
		F3E1CDEB21CCD4F500F04AD0 /* Release */ = {
			isa = XCBuildConfiguration;
			buildSettings = {
				ALWAYS_SEARCH_USER_PATHS = NO;
				CLANG_ANALYZER_NONNULL = YES;
				CLANG_ANALYZER_NUMBER_OBJECT_CONVERSION = YES_AGGRESSIVE;
				CLANG_CXX_LANGUAGE_STANDARD = "gnu++14";
				CLANG_CXX_LIBRARY = "libc++";
				CLANG_ENABLE_MODULES = YES;
				CLANG_ENABLE_OBJC_ARC = YES;
				CLANG_ENABLE_OBJC_WEAK = YES;
				CLANG_WARN_BLOCK_CAPTURE_AUTORELEASING = YES;
				CLANG_WARN_BOOL_CONVERSION = YES;
				CLANG_WARN_COMMA = YES;
				CLANG_WARN_CONSTANT_CONVERSION = YES;
				CLANG_WARN_DEPRECATED_OBJC_IMPLEMENTATIONS = YES;
				CLANG_WARN_DIRECT_OBJC_ISA_USAGE = YES_ERROR;
				CLANG_WARN_DOCUMENTATION_COMMENTS = YES;
				CLANG_WARN_EMPTY_BODY = YES;
				CLANG_WARN_ENUM_CONVERSION = YES;
				CLANG_WARN_INFINITE_RECURSION = YES;
				CLANG_WARN_INT_CONVERSION = YES;
				CLANG_WARN_NON_LITERAL_NULL_CONVERSION = YES;
				CLANG_WARN_OBJC_IMPLICIT_RETAIN_SELF = YES;
				CLANG_WARN_OBJC_LITERAL_CONVERSION = YES;
				CLANG_WARN_OBJC_ROOT_CLASS = YES_ERROR;
				CLANG_WARN_RANGE_LOOP_ANALYSIS = YES;
				CLANG_WARN_STRICT_PROTOTYPES = YES;
				CLANG_WARN_SUSPICIOUS_MOVE = YES;
				CLANG_WARN_UNGUARDED_AVAILABILITY = YES_AGGRESSIVE;
				CLANG_WARN_UNREACHABLE_CODE = YES;
				CLANG_WARN__DUPLICATE_METHOD_MATCH = YES;
				CODE_SIGN_IDENTITY = "iPhone Developer";
				COPY_PHASE_STRIP = NO;
				DEBUG_INFORMATION_FORMAT = "dwarf-with-dsym";
				ENABLE_NS_ASSERTIONS = NO;
				ENABLE_STRICT_OBJC_MSGSEND = YES;
				GCC_C_LANGUAGE_STANDARD = gnu11;
				GCC_NO_COMMON_BLOCKS = YES;
				GCC_WARN_64_TO_32_BIT_CONVERSION = YES;
				GCC_WARN_ABOUT_RETURN_TYPE = YES_ERROR;
				GCC_WARN_UNDECLARED_SELECTOR = YES;
				GCC_WARN_UNINITIALIZED_AUTOS = YES_AGGRESSIVE;
				GCC_WARN_UNUSED_FUNCTION = YES;
				GCC_WARN_UNUSED_VARIABLE = YES;
				IPHONEOS_DEPLOYMENT_TARGET = 12.1;
				MTL_ENABLE_DEBUG_INFO = NO;
				MTL_FAST_MATH = YES;
				SDKROOT = iphoneos;
				VALIDATE_PRODUCT = YES;
			};
			name = Release;
		};
		F3E1CDED21CCD4F500F04AD0 /* Debug */ = {
			isa = XCBuildConfiguration;
			buildSettings = {
				ASSETCATALOG_COMPILER_APPICON_NAME = AppIcon;
				CODE_SIGN_STYLE = Automatic;
				INFOPLIST_FILE = LSPTotaldemos/Info.plist;
				LD_RUNPATH_SEARCH_PATHS = (
					"$(inherited)",
					"@executable_path/Frameworks",
				);
				PRODUCT_BUNDLE_IDENTIFIER = com.hexindai.LSPTotaldemos;
				PRODUCT_NAME = "$(TARGET_NAME)";
				TARGETED_DEVICE_FAMILY = "1,2";
			};
			name = Debug;
		};
		F3E1CDEE21CCD4F500F04AD0 /* Release */ = {
			isa = XCBuildConfiguration;
			buildSettings = {
				ASSETCATALOG_COMPILER_APPICON_NAME = AppIcon;
				CODE_SIGN_STYLE = Automatic;
				INFOPLIST_FILE = LSPTotaldemos/Info.plist;
				LD_RUNPATH_SEARCH_PATHS = (
					"$(inherited)",
					"@executable_path/Frameworks",
				);
				PRODUCT_BUNDLE_IDENTIFIER = com.hexindai.LSPTotaldemos;
				PRODUCT_NAME = "$(TARGET_NAME)";
				TARGETED_DEVICE_FAMILY = "1,2";
			};
			name = Release;
		};
/* End XCBuildConfiguration section */

/* Begin XCConfigurationList section */
		F3E1CDD121CCD4F400F04AD0 /* Build configuration list for PBXProject "LSPTotaldemos" */ = {
			isa = XCConfigurationList;
			buildConfigurations = (
				F3E1CDEA21CCD4F500F04AD0 /* Debug */,
				F3E1CDEB21CCD4F500F04AD0 /* Release */,
			);
			defaultConfigurationIsVisible = 0;
			defaultConfigurationName = Release;
		};
		F3E1CDEC21CCD4F500F04AD0 /* Build configuration list for PBXNativeTarget "LSPTotaldemos" */ = {
			isa = XCConfigurationList;
			buildConfigurations = (
				F3E1CDED21CCD4F500F04AD0 /* Debug */,
				F3E1CDEE21CCD4F500F04AD0 /* Release */,
			);
			defaultConfigurationIsVisible = 0;
			defaultConfigurationName = Release;
		};
/* End XCConfigurationList section */
	};
	rootObject = F3E1CDCE21CCD4F400F04AD0 /* Project object */;
}
